// !$*UTF8*$!
{
	archiveVersion = 1;
	classes = {
	};
	objectVersion = 50;
	objects = {

/* Begin PBXBuildFile section */
		4EAE946AD8AE9DE5CA633A1D /* Pods_RealmNoteApp.framework in Frameworks */ = {isa = PBXBuildFile; fileRef = 064CAB015BC06BDFB3909003 /* Pods_RealmNoteApp.framework */; };
		62D549C2223F3B2600A9BC37 /* AppDelegate.swift in Sources */ = {isa = PBXBuildFile; fileRef = 62D549C1223F3B2600A9BC37 /* AppDelegate.swift */; };
		62D549C4223F3B2600A9BC37 /* NotesViewController.swift in Sources */ = {isa = PBXBuildFile; fileRef = 62D549C3223F3B2600A9BC37 /* NotesViewController.swift */; };
		62D549C9223F3B2800A9BC37 /* Assets.xcassets in Resources */ = {isa = PBXBuildFile; fileRef = 62D549C8223F3B2800A9BC37 /* Assets.xcassets */; };
		62D549CC223F3B2800A9BC37 /* LaunchScreen.storyboard in Resources */ = {isa = PBXBuildFile; fileRef = 62D549CA223F3B2800A9BC37 /* LaunchScreen.storyboard */; };
		62D549D4223F43A100A9BC37 /* Item.swift in Sources */ = {isa = PBXBuildFile; fileRef = 62D549D3223F43A100A9BC37 /* Item.swift */; };
		62D549D6223F47DB00A9BC37 /* AddNoteController.swift in Sources */ = {isa = PBXBuildFile; fileRef = 62D549D5223F47DB00A9BC37 /* AddNoteController.swift */; };
		62D549D8223F498C00A9BC37 /* UIView+Layout.swift in Sources */ = {isa = PBXBuildFile; fileRef = 62D549D7223F498C00A9BC37 /* UIView+Layout.swift */; };
/* End PBXBuildFile section */

/* Begin PBXFileReference section */
		064CAB015BC06BDFB3909003 /* Pods_RealmNoteApp.framework */ = {isa = PBXFileReference; explicitFileType = wrapper.framework; includeInIndex = 0; path = Pods_RealmNoteApp.framework; sourceTree = BUILT_PRODUCTS_DIR; };
		29C3525AB1F42ECFA435F8ED /* Pods-RealmNoteApp.debug.xcconfig */ = {isa = PBXFileReference; includeInIndex = 1; lastKnownFileType = text.xcconfig; name = "Pods-RealmNoteApp.debug.xcconfig"; path = "Pods/Target Support Files/Pods-RealmNoteApp/Pods-RealmNoteApp.debug.xcconfig"; sourceTree = "<group>"; };
		62D549BE223F3B2600A9BC37 /* RealmNoteApp.app */ = {isa = PBXFileReference; explicitFileType = wrapper.application; includeInIndex = 0; path = RealmNoteApp.app; sourceTree = BUILT_PRODUCTS_DIR; };
		62D549C1223F3B2600A9BC37 /* AppDelegate.swift */ = {isa = PBXFileReference; lastKnownFileType = sourcecode.swift; path = AppDelegate.swift; sourceTree = "<group>"; };
		62D549C3223F3B2600A9BC37 /* NotesViewController.swift */ = {isa = PBXFileReference; lastKnownFileType = sourcecode.swift; path = NotesViewController.swift; sourceTree = "<group>"; };
		62D549C8223F3B2800A9BC37 /* Assets.xcassets */ = {isa = PBXFileReference; lastKnownFileType = folder.assetcatalog; path = Assets.xcassets; sourceTree = "<group>"; };
		62D549CB223F3B2800A9BC37 /* Base */ = {isa = PBXFileReference; lastKnownFileType = file.storyboard; name = Base; path = Base.lproj/LaunchScreen.storyboard; sourceTree = "<group>"; };
		62D549CD223F3B2800A9BC37 /* Info.plist */ = {isa = PBXFileReference; lastKnownFileType = text.plist.xml; path = Info.plist; sourceTree = "<group>"; };
		62D549D3223F43A100A9BC37 /* Item.swift */ = {isa = PBXFileReference; lastKnownFileType = sourcecode.swift; path = Item.swift; sourceTree = "<group>"; };
		62D549D5223F47DB00A9BC37 /* AddNoteController.swift */ = {isa = PBXFileReference; lastKnownFileType = sourcecode.swift; path = AddNoteController.swift; sourceTree = "<group>"; };
		62D549D7223F498C00A9BC37 /* UIView+Layout.swift */ = {isa = PBXFileReference; fileEncoding = 4; lastKnownFileType = sourcecode.swift; path = "UIView+Layout.swift"; sourceTree = "<group>"; };
		C79F7F7F30B6AC818D8F84B0 /* Pods-RealmNoteApp.release.xcconfig */ = {isa = PBXFileReference; includeInIndex = 1; lastKnownFileType = text.xcconfig; name = "Pods-RealmNoteApp.release.xcconfig"; path = "Pods/Target Support Files/Pods-RealmNoteApp/Pods-RealmNoteApp.release.xcconfig"; sourceTree = "<group>"; };
/* End PBXFileReference section */

/* Begin PBXFrameworksBuildPhase section */
		62D549BB223F3B2600A9BC37 /* Frameworks */ = {
			isa = PBXFrameworksBuildPhase;
			buildActionMask = 2147483647;
			files = (
				4EAE946AD8AE9DE5CA633A1D /* Pods_RealmNoteApp.framework in Frameworks */,
			);
			runOnlyForDeploymentPostprocessing = 0;
		};
/* End PBXFrameworksBuildPhase section */

/* Begin PBXGroup section */
		603544D97A49612EA794B05B /* Pods */ = {
			isa = PBXGroup;
			children = (
				29C3525AB1F42ECFA435F8ED /* Pods-RealmNoteApp.debug.xcconfig */,
				C79F7F7F30B6AC818D8F84B0 /* Pods-RealmNoteApp.release.xcconfig */,
			);
			name = Pods;
			sourceTree = "<group>";
		};
		62D549B5223F3B2600A9BC37 = {
			isa = PBXGroup;
			children = (
				62D549C0223F3B2600A9BC37 /* RealmNoteApp */,
				62D549BF223F3B2600A9BC37 /* Products */,
				603544D97A49612EA794B05B /* Pods */,
				ED86CA2E0CB12E8D16776286 /* Frameworks */,
			);
			sourceTree = "<group>";
		};
		62D549BF223F3B2600A9BC37 /* Products */ = {
			isa = PBXGroup;
			children = (
				62D549BE223F3B2600A9BC37 /* RealmNoteApp.app */,
			);
			name = Products;
			sourceTree = "<group>";
		};
		62D549C0223F3B2600A9BC37 /* RealmNoteApp */ = {
			isa = PBXGroup;
			children = (
				62D549C1223F3B2600A9BC37 /* AppDelegate.swift */,
				62D549D7223F498C00A9BC37 /* UIView+Layout.swift */,
				62D549C3223F3B2600A9BC37 /* NotesViewController.swift */,
				62D549D5223F47DB00A9BC37 /* AddNoteController.swift */,
				62D549C8223F3B2800A9BC37 /* Assets.xcassets */,
				62D549CA223F3B2800A9BC37 /* LaunchScreen.storyboard */,
				62D549CD223F3B2800A9BC37 /* Info.plist */,
				62D549D3223F43A100A9BC37 /* Item.swift */,
			);
			path = RealmNoteApp;
			sourceTree = "<group>";
		};
		ED86CA2E0CB12E8D16776286 /* Frameworks */ = {
			isa = PBXGroup;
			children = (
				064CAB015BC06BDFB3909003 /* Pods_RealmNoteApp.framework */,
			);
			name = Frameworks;
			sourceTree = "<group>";
		};
/* End PBXGroup section */

/* Begin PBXNativeTarget section */
		62D549BD223F3B2600A9BC37 /* RealmNoteApp */ = {
			isa = PBXNativeTarget;
			buildConfigurationList = 62D549D0223F3B2800A9BC37 /* Build configuration list for PBXNativeTarget "RealmNoteApp" */;
			buildPhases = (
				A1B55D9918C483E5B29F29CA /* [CP] Check Pods Manifest.lock */,
				62D549BA223F3B2600A9BC37 /* Sources */,
				62D549BB223F3B2600A9BC37 /* Frameworks */,
				62D549BC223F3B2600A9BC37 /* Resources */,
				CB89E781C01177DEF8B47BFB /* [CP] Embed Pods Frameworks */,
			);
			buildRules = (
			);
			dependencies = (
			);
			name = RealmNoteApp;
			productName = RealmNoteApp;
			productReference = 62D549BE223F3B2600A9BC37 /* RealmNoteApp.app */;
			productType = "com.apple.product-type.application";
		};
/* End PBXNativeTarget section */

/* Begin PBXProject section */
		62D549B6223F3B2600A9BC37 /* Project object */ = {
			isa = PBXProject;
			attributes = {
				LastSwiftUpdateCheck = 1010;
				LastUpgradeCheck = 1010;
				ORGANIZATIONNAME = "Serxhio Gugo";
				TargetAttributes = {
					62D549BD223F3B2600A9BC37 = {
						CreatedOnToolsVersion = 10.1;
					};
				};
			};
			buildConfigurationList = 62D549B9223F3B2600A9BC37 /* Build configuration list for PBXProject "RealmNoteApp" */;
			compatibilityVersion = "Xcode 9.3";
			developmentRegion = en;
			hasScannedForEncodings = 0;
			knownRegions = (
				en,
				Base,
			);
			mainGroup = 62D549B5223F3B2600A9BC37;
			productRefGroup = 62D549BF223F3B2600A9BC37 /* Products */;
			projectDirPath = "";
			projectRoot = "";
			targets = (
				62D549BD223F3B2600A9BC37 /* RealmNoteApp */,
			);
		};
/* End PBXProject section */

/* Begin PBXResourcesBuildPhase section */
		62D549BC223F3B2600A9BC37 /* Resources */ = {
			isa = PBXResourcesBuildPhase;
			buildActionMask = 2147483647;
			files = (
				62D549CC223F3B2800A9BC37 /* LaunchScreen.storyboard in Resources */,
				62D549C9223F3B2800A9BC37 /* Assets.xcassets in Resources */,
			);
			runOnlyForDeploymentPostprocessing = 0;
		};
/* End PBXResourcesBuildPhase section */

/* Begin PBXShellScriptBuildPhase section */
		A1B55D9918C483E5B29F29CA /* [CP] Check Pods Manifest.lock */ = {
			isa = PBXShellScriptBuildPhase;
			buildActionMask = 2147483647;
			files = (
			);
			inputPaths = (
				"${PODS_PODFILE_DIR_PATH}/Podfile.lock",
				"${PODS_ROOT}/Manifest.lock",
			);
			name = "[CP] Check Pods Manifest.lock";
			outputPaths = (
				"$(DERIVED_FILE_DIR)/Pods-RealmNoteApp-checkManifestLockResult.txt",
			);
			runOnlyForDeploymentPostprocessing = 0;
			shellPath = /bin/sh;
			shellScript = "diff \"${PODS_PODFILE_DIR_PATH}/Podfile.lock\" \"${PODS_ROOT}/Manifest.lock\" > /dev/null\nif [ $? != 0 ] ; then\n    # print error to STDERR\n    echo \"error: The sandbox is not in sync with the Podfile.lock. Run 'pod install' or update your CocoaPods installation.\" >&2\n    exit 1\nfi\n# This output is used by Xcode 'outputs' to avoid re-running this script phase.\necho \"SUCCESS\" > \"${SCRIPT_OUTPUT_FILE_0}\"\n";
			showEnvVarsInLog = 0;
		};
		CB89E781C01177DEF8B47BFB /* [CP] Embed Pods Frameworks */ = {
			isa = PBXShellScriptBuildPhase;
			buildActionMask = 2147483647;
			files = (
			);
			inputPaths = (
				"${SRCROOT}/Pods/Target Support Files/Pods-RealmNoteApp/Pods-RealmNoteApp-frameworks.sh",
				"${BUILT_PRODUCTS_DIR}/Realm/Realm.framework",
				"${BUILT_PRODUCTS_DIR}/RealmSwift/RealmSwift.framework",
			);
			name = "[CP] Embed Pods Frameworks";
			outputPaths = (
				"${TARGET_BUILD_DIR}/${FRAMEWORKS_FOLDER_PATH}/Realm.framework",
				"${TARGET_BUILD_DIR}/${FRAMEWORKS_FOLDER_PATH}/RealmSwift.framework",
			);
			runOnlyForDeploymentPostprocessing = 0;
			shellPath = /bin/sh;
			shellScript = "\"${SRCROOT}/Pods/Target Support Files/Pods-RealmNoteApp/Pods-RealmNoteApp-frameworks.sh\"\n";
			showEnvVarsInLog = 0;
		};
/* End PBXShellScriptBuildPhase section */

/* Begin PBXSourcesBuildPhase section */
		62D549BA223F3B2600A9BC37 /* Sources */ = {
			isa = PBXSourcesBuildPhase;
			buildActionMask = 2147483647;
			files = (
				62D549D4223F43A100A9BC37 /* Item.swift in Sources */,
				62D549D6223F47DB00A9BC37 /* AddNoteController.swift in Sources */,
				62D549C4223F3B2600A9BC37 /* NotesViewController.swift in Sources */,
				62D549C2223F3B2600A9BC37 /* AppDelegate.swift in Sources */,
				62D549D8223F498C00A9BC37 /* UIView+Layout.swift in Sources */,
			);
			runOnlyForDeploymentPostprocessing = 0;
		};
/* End PBXSourcesBuildPhase section */

/* Begin PBXVariantGroup section */
		62D549CA223F3B2800A9BC37 /* LaunchScreen.storyboard */ = {
			isa = PBXVariantGroup;
			children = (
				62D549CB223F3B2800A9BC37 /* Base */,
			);
			name = LaunchScreen.storyboard;
			sourceTree = "<group>";
		};
/* End PBXVariantGroup section */

/* Begin XCBuildConfiguration section */
		62D549CE223F3B2800A9BC37 /* Debug */ = {
			isa = XCBuildConfiguration;
			buildSettings = {
				ALWAYS_SEARCH_USER_PATHS = NO;
				CLANG_ANALYZER_NONNULL = YES;
				CLANG_ANALYZER_NUMBER_OBJECT_CONVERSION = YES_AGGRESSIVE;
				CLANG_CXX_LANGUAGE_STANDARD = "gnu++14";
				CLANG_CXX_LIBRARY = "libc++";
				CLANG_ENABLE_MODULES = YES;
				CLANG_ENABLE_OBJC_ARC = YES;
				CLANG_ENABLE_OBJC_WEAK = YES;
				CLANG_WARN_BLOCK_CAPTURE_AUTORELEASING = YES;
				CLANG_WARN_BOOL_CONVERSION = YES;
				CLANG_WARN_COMMA = YES;
				CLANG_WARN_CONSTANT_CONVERSION = YES;
				CLANG_WARN_DEPRECATED_OBJC_IMPLEMENTATIONS = YES;
				CLANG_WARN_DIRECT_OBJC_ISA_USAGE = YES_ERROR;
				CLANG_WARN_DOCUMENTATION_COMMENTS = YES;
				CLANG_WARN_EMPTY_BODY = YES;
				CLANG_WARN_ENUM_CONVERSION = YES;
				CLANG_WARN_INFINITE_RECURSION = YES;
				CLANG_WARN_INT_CONVERSION = YES;
				CLANG_WARN_NON_LITERAL_NULL_CONVERSION = YES;
				CLANG_WARN_OBJC_IMPLICIT_RETAIN_SELF = YES;
				CLANG_WARN_OBJC_LITERAL_CONVERSION = YES;
				CLANG_WARN_OBJC_ROOT_CLASS = YES_ERROR;
				CLANG_WARN_RANGE_LOOP_ANALYSIS = YES;
				CLANG_WARN_STRICT_PROTOTYPES = YES;
				CLANG_WARN_SUSPICIOUS_MOVE = YES;
				CLANG_WARN_UNGUARDED_AVAILABILITY = YES_AGGRESSIVE;
				CLANG_WARN_UNREACHABLE_CODE = YES;
				CLANG_WARN__DUPLICATE_METHOD_MATCH = YES;
				CODE_SIGN_IDENTITY = "iPhone Developer";
				COPY_PHASE_STRIP = NO;
				DEBUG_INFORMATION_FORMAT = dwarf;
				ENABLE_STRICT_OBJC_MSGSEND = YES;
				ENABLE_TESTABILITY = YES;
				GCC_C_LANGUAGE_STANDARD = gnu11;
				GCC_DYNAMIC_NO_PIC = NO;
				GCC_NO_COMMON_BLOCKS = YES;
				GCC_OPTIMIZATION_LEVEL = 0;
				GCC_PREPROCESSOR_DEFINITIONS = (
					"DEBUG=1",
					"$(inherited)",
				);
				GCC_WARN_64_TO_32_BIT_CONVERSION = YES;
				GCC_WARN_ABOUT_RETURN_TYPE = YES_ERROR;
				GCC_WARN_UNDECLARED_SELECTOR = YES;
				GCC_WARN_UNINITIALIZED_AUTOS = YES_AGGRESSIVE;
				GCC_WARN_UNUSED_FUNCTION = YES;
				GCC_WARN_UNUSED_VARIABLE = YES;
				IPHONEOS_DEPLOYMENT_TARGET = 12.1;
				MTL_ENABLE_DEBUG_INFO = INCLUDE_SOURCE;
				MTL_FAST_MATH = YES;
				ONLY_ACTIVE_ARCH = YES;
				SDKROOT = iphoneos;
				SWIFT_ACTIVE_COMPILATION_CONDITIONS = DEBUG;
				SWIFT_OPTIMIZATION_LEVEL = "-Onone";
			};
			name = Debug;
		};
		62D549CF223F3B2800A9BC37 /* Release */ = {
			isa = XCBuildConfiguration;
			buildSettings = {
				ALWAYS_SEARCH_USER_PATHS = NO;
				CLANG_ANALYZER_NONNULL = YES;
				CLANG_ANALYZER_NUMBER_OBJECT_CONVERSION = YES_AGGRESSIVE;
				CLANG_CXX_LANGUAGE_STANDARD = "gnu++14";
				CLANG_CXX_LIBRARY = "libc++";
				CLANG_ENABLE_MODULES = YES;
				CLANG_ENABLE_OBJC_ARC = YES;
				CLANG_ENABLE_OBJC_WEAK = YES;
				CLANG_WARN_BLOCK_CAPTURE_AUTORELEASING = YES;
				CLANG_WARN_BOOL_CONVERSION = YES;
				CLANG_WARN_COMMA = YES;
				CLANG_WARN_CONSTANT_CONVERSION = YES;
				CLANG_WARN_DEPRECATED_OBJC_IMPLEMENTATIONS = YES;
				CLANG_WARN_DIRECT_OBJC_ISA_USAGE = YES_ERROR;
				CLANG_WARN_DOCUMENTATION_COMMENTS = YES;
				CLANG_WARN_EMPTY_BODY = YES;
				CLANG_WARN_ENUM_CONVERSION = YES;
				CLANG_WARN_INFINITE_RECURSION = YES;
				CLANG_WARN_INT_CONVERSION = YES;
				CLANG_WARN_NON_LITERAL_NULL_CONVERSION = YES;
				CLANG_WARN_OBJC_IMPLICIT_RETAIN_SELF = YES;
				CLANG_WARN_OBJC_LITERAL_CONVERSION = YES;
				CLANG_WARN_OBJC_ROOT_CLASS = YES_ERROR;
				CLANG_WARN_RANGE_LOOP_ANALYSIS = YES;
				CLANG_WARN_STRICT_PROTOTYPES = YES;
				CLANG_WARN_SUSPICIOUS_MOVE = YES;
				CLANG_WARN_UNGUARDED_AVAILABILITY = YES_AGGRESSIVE;
				CLANG_WARN_UNREACHABLE_CODE = YES;
				CLANG_WARN__DUPLICATE_METHOD_MATCH = YES;
				CODE_SIGN_IDENTITY = "iPhone Developer";
				COPY_PHASE_STRIP = NO;
				DEBUG_INFORMATION_FORMAT = "dwarf-with-dsym";
				ENABLE_NS_ASSERTIONS = NO;
				ENABLE_STRICT_OBJC_MSGSEND = YES;
				GCC_C_LANGUAGE_STANDARD = gnu11;
				GCC_NO_COMMON_BLOCKS = YES;
				GCC_WARN_64_TO_32_BIT_CONVERSION = YES;
				GCC_WARN_ABOUT_RETURN_TYPE = YES_ERROR;
				GCC_WARN_UNDECLARED_SELECTOR = YES;
				GCC_WARN_UNINITIALIZED_AUTOS = YES_AGGRESSIVE;
				GCC_WARN_UNUSED_FUNCTION = YES;
				GCC_WARN_UNUSED_VARIABLE = YES;
				IPHONEOS_DEPLOYMENT_TARGET = 12.1;
				MTL_ENABLE_DEBUG_INFO = NO;
				MTL_FAST_MATH = YES;
				SDKROOT = iphoneos;
				SWIFT_COMPILATION_MODE = wholemodule;
				SWIFT_OPTIMIZATION_LEVEL = "-O";
				VALIDATE_PRODUCT = YES;
			};
			name = Release;
		};
		62D549D1223F3B2800A9BC37 /* Debug */ = {
			isa = XCBuildConfiguration;
			baseConfigurationReference = 29C3525AB1F42ECFA435F8ED /* Pods-RealmNoteApp.debug.xcconfig */;
			buildSettings = {
				ASSETCATALOG_COMPILER_APPICON_NAME = AppIcon;
				CODE_SIGN_STYLE = Automatic;
				DEVELOPMENT_TEAM = H5U56L4EAR;
				INFOPLIST_FILE = RealmNoteApp/Info.plist;
				LD_RUNPATH_SEARCH_PATHS = (
					"$(inherited)",
					"@executable_path/Frameworks",
				);
				PRODUCT_BUNDLE_IDENTIFIER = com.serxhiogugo.RealmNoteApp;
				PRODUCT_NAME = "$(TARGET_NAME)";
				SWIFT_VERSION = 4.2;
				TARGETED_DEVICE_FAMILY = "1,2";
			};
			name = Debug;
		};
		62D549D2223F3B2800A9BC37 /* Release */ = {
			isa = XCBuildConfiguration;
			baseConfigurationReference = C79F7F7F30B6AC818D8F84B0 /* Pods-RealmNoteApp.release.xcconfig */;
			buildSettings = {
				ASSETCATALOG_COMPILER_APPICON_NAME = AppIcon;
				CODE_SIGN_STYLE = Automatic;
				DEVELOPMENT_TEAM = H5U56L4EAR;
				INFOPLIST_FILE = RealmNoteApp/Info.plist;
				LD_RUNPATH_SEARCH_PATHS = (
					"$(inherited)",
					"@executable_path/Frameworks",
				);
				PRODUCT_BUNDLE_IDENTIFIER = com.serxhiogugo.RealmNoteApp;
				PRODUCT_NAME = "$(TARGET_NAME)";
				SWIFT_VERSION = 4.2;
				TARGETED_DEVICE_FAMILY = "1,2";
			};
			name = Release;
		};
/* End XCBuildConfiguration section */

/* Begin XCConfigurationList section */
		62D549B9223F3B2600A9BC37 /* Build configuration list for PBXProject "RealmNoteApp" */ = {
			isa = XCConfigurationList;
			buildConfigurations = (
				62D549CE223F3B2800A9BC37 /* Debug */,
				62D549CF223F3B2800A9BC37 /* Release */,
			);
			defaultConfigurationIsVisible = 0;
			defaultConfigurationName = Release;
		};
		62D549D0223F3B2800A9BC37 /* Build configuration list for PBXNativeTarget "RealmNoteApp" */ = {
			isa = XCConfigurationList;
			buildConfigurations = (
				62D549D1223F3B2800A9BC37 /* Debug */,
				62D549D2223F3B2800A9BC37 /* Release */,
			);
			defaultConfigurationIsVisible = 0;
			defaultConfigurationName = Release;
		};
/* End XCConfigurationList section */
	};
	rootObject = 62D549B6223F3B2600A9BC37 /* Project object */;
}
